
Microsoft Visual Studio Solution File, Format Version 12.00
# Visual Studio Version 16
VisualStudioVersion = 16.0.29519.87
MinimumVisualStudioVersion = 10.0.40219.1
Project("{FAE04EC0-301F-11D3-BF4B-00C04F79EFBC}") = "PMTribal", "PMTribal\PMTribal.csproj", "{A7764C57-2CF3-47C6-BA84-1F5B7D47F3BB}"
EndProject
Global
	GlobalSection(SolutionConfigurationPlatforms) = preSolution
		Debug|Any CPU = Debug|Any CPU
		Release|Any CPU = Release|Any CPU
	EndGlobalSection
	GlobalSection(ProjectConfigurationPlatforms) = postSolution
		{A7764C57-2CF3-47C6-BA84-1F5B7D47F3BB}.Debug|Any CPU.ActiveCfg = Debug|Any CPU
		{A7764C57-2CF3-47C6-BA84-1F5B7D47F3BB}.Debug|Any CPU.Build.0 = Debug|Any CPU
		{A7764C57-2CF3-47C6-BA84-1F5B7D47F3BB}.Release|Any CPU.ActiveCfg = Release|Any CPU
		{A7764C57-2CF3-47C6-BA84-1F5B7D47F3BB}.Release|Any CPU.Build.0 = Release|Any CPU
	EndGlobalSection
	GlobalSection(SolutionProperties) = preSolution
		HideSolutionNode = FALSE
	EndGlobalSection
	GlobalSection(ExtensibilityGlobals) = postSolution
		SolutionGuid = {0D47B244-9CD8-40BC-8BD9-C77CF96314D4}
	EndGlobalSection
EndGlobal
